
Microsoft Visual Studio Solution File, Format Version 12.00
# Visual Studio Version 16
VisualStudioVersion = 16.0.30611.23
MinimumVisualStudioVersion = 10.0.40219.1
Project("{FAE04EC0-301F-11D3-BF4B-00C04F79EFBC}") = "TheCard", "TheCard\TheCard.csproj", "{A31F13CD-B947-482B-9915-CA754FA1A650}"
EndProject
Global
	GlobalSection(SolutionConfigurationPlatforms) = preSolution
		Debug|Any CPU = Debug|Any CPU
		Release|Any CPU = Release|Any CPU
	EndGlobalSection
	GlobalSection(ProjectConfigurationPlatforms) = postSolution
		{A31F13CD-B947-482B-9915-CA754FA1A650}.Debug|Any CPU.ActiveCfg = Debug|Any CPU
		{A31F13CD-B947-482B-9915-CA754FA1A650}.Debug|Any CPU.Build.0 = Debug|Any CPU
		{A31F13CD-B947-482B-9915-CA754FA1A650}.Release|Any CPU.ActiveCfg = Release|Any CPU
		{A31F13CD-B947-482B-9915-CA754FA1A650}.Release|Any CPU.Build.0 = Release|Any CPU
	EndGlobalSection
	GlobalSection(SolutionProperties) = preSolution
		HideSolutionNode = FALSE
	EndGlobalSection
	GlobalSection(ExtensibilityGlobals) = postSolution
		SolutionGuid = {88319FE8-13A3-4FB4-8BCE-4C9E85E14790}
	EndGlobalSection
EndGlobal
