
Microsoft Visual Studio Solution File, Format Version 12.00
# Visual Studio Version 17
VisualStudioVersion = 17.0.31903.59
MinimumVisualStudioVersion = 10.0.40219.1
Project("{FAE04EC0-301F-11D3-BF4B-00C04F79EFBC}") = "SimulasTest", "SimulasTest.csproj", "{2AAFEB94-EE59-4CA8-ABC9-72E918ABE89B}"
EndProject
Global
	GlobalSection(SolutionConfigurationPlatforms) = preSolution
		Debug|Any CPU = Debug|Any CPU
		Release|Any CPU = Release|Any CPU
	EndGlobalSection
	GlobalSection(ProjectConfigurationPlatforms) = postSolution
		{2AAFEB94-EE59-4CA8-ABC9-72E918ABE89B}.Debug|Any CPU.ActiveCfg = Debug|Any CPU
		{2AAFEB94-EE59-4CA8-ABC9-72E918ABE89B}.Debug|Any CPU.Build.0 = Debug|Any CPU
		{2AAFEB94-EE59-4CA8-ABC9-72E918ABE89B}.Release|Any CPU.ActiveCfg = Release|Any CPU
		{2AAFEB94-EE59-4CA8-ABC9-72E918ABE89B}.Release|Any CPU.Build.0 = Release|Any CPU
	EndGlobalSection
	GlobalSection(SolutionProperties) = preSolution
		HideSolutionNode = FALSE
	EndGlobalSection
	GlobalSection(ExtensibilityGlobals) = postSolution
		SolutionGuid = {73C1B8E3-2404-46B8-BCF2-900DA197398F}
	EndGlobalSection
EndGlobal
