
Microsoft Visual Studio Solution File, Format Version 12.00
# Visual Studio Version 17
VisualStudioVersion = 17.0.31903.59
MinimumVisualStudioVersion = 10.0.40219.1
Project("{FAE04EC0-301F-11D3-BF4B-00C04F79EFBC}") = "Attacks", "Attacks.csproj", "{B3EAE260-45EB-4316-BE25-62EBB778D51B}"
EndProject
Global
	GlobalSection(SolutionConfigurationPlatforms) = preSolution
		Debug|Any CPU = Debug|Any CPU
		Release|Any CPU = Release|Any CPU
	EndGlobalSection
	GlobalSection(ProjectConfigurationPlatforms) = postSolution
		{B3EAE260-45EB-4316-BE25-62EBB778D51B}.Debug|Any CPU.ActiveCfg = Debug|Any CPU
		{B3EAE260-45EB-4316-BE25-62EBB778D51B}.Debug|Any CPU.Build.0 = Debug|Any CPU
		{B3EAE260-45EB-4316-BE25-62EBB778D51B}.Release|Any CPU.ActiveCfg = Release|Any CPU
		{B3EAE260-45EB-4316-BE25-62EBB778D51B}.Release|Any CPU.Build.0 = Release|Any CPU
	EndGlobalSection
	GlobalSection(SolutionProperties) = preSolution
		HideSolutionNode = FALSE
	EndGlobalSection
	GlobalSection(ExtensibilityGlobals) = postSolution
		SolutionGuid = {B49C3FB0-F6C1-4E5E-B798-303DB9D23CB3}
	EndGlobalSection
EndGlobal
