
Microsoft Visual Studio Solution File, Format Version 12.00
# Visual Studio Version 17
VisualStudioVersion = 17.0.31903.59
MinimumVisualStudioVersion = 10.0.40219.1
Project("{FAE04EC0-301F-11D3-BF4B-00C04F79EFBC}") = "DuelingTraditions", "DuelingTraditions.csproj", "{E4B392E3-3F12-46A0-B17B-4824D24E513C}"
EndProject
Global
	GlobalSection(SolutionConfigurationPlatforms) = preSolution
		Debug|Any CPU = Debug|Any CPU
		Release|Any CPU = Release|Any CPU
	EndGlobalSection
	GlobalSection(ProjectConfigurationPlatforms) = postSolution
		{E4B392E3-3F12-46A0-B17B-4824D24E513C}.Debug|Any CPU.ActiveCfg = Debug|Any CPU
		{E4B392E3-3F12-46A0-B17B-4824D24E513C}.Debug|Any CPU.Build.0 = Debug|Any CPU
		{E4B392E3-3F12-46A0-B17B-4824D24E513C}.Release|Any CPU.ActiveCfg = Release|Any CPU
		{E4B392E3-3F12-46A0-B17B-4824D24E513C}.Release|Any CPU.Build.0 = Release|Any CPU
	EndGlobalSection
	GlobalSection(SolutionProperties) = preSolution
		HideSolutionNode = FALSE
	EndGlobalSection
	GlobalSection(ExtensibilityGlobals) = postSolution
		SolutionGuid = {CE0C3481-200F-4612-92C9-96F60AD58273}
	EndGlobalSection
EndGlobal
