
Microsoft Visual Studio Solution File, Format Version 12.00
# Visual Studio Version 17
VisualStudioVersion = 17.0.31903.59
MinimumVisualStudioVersion = 10.0.40219.1
Project("{FAE04EC0-301F-11D3-BF4B-00C04F79EFBC}") = "TheLambdaSieve", "TheLambdaSieve.csproj", "{3A5F9964-98E4-45C0-BE9F-A58FE9B98302}"
EndProject
Global
	GlobalSection(SolutionConfigurationPlatforms) = preSolution
		Debug|Any CPU = Debug|Any CPU
		Release|Any CPU = Release|Any CPU
	EndGlobalSection
	GlobalSection(ProjectConfigurationPlatforms) = postSolution
		{3A5F9964-98E4-45C0-BE9F-A58FE9B98302}.Debug|Any CPU.ActiveCfg = Debug|Any CPU
		{3A5F9964-98E4-45C0-BE9F-A58FE9B98302}.Debug|Any CPU.Build.0 = Debug|Any CPU
		{3A5F9964-98E4-45C0-BE9F-A58FE9B98302}.Release|Any CPU.ActiveCfg = Release|Any CPU
		{3A5F9964-98E4-45C0-BE9F-A58FE9B98302}.Release|Any CPU.Build.0 = Release|Any CPU
	EndGlobalSection
	GlobalSection(SolutionProperties) = preSolution
		HideSolutionNode = FALSE
	EndGlobalSection
	GlobalSection(ExtensibilityGlobals) = postSolution
		SolutionGuid = {22DA40BE-0871-43CC-B938-3D2FF9DFE5B2}
	EndGlobalSection
EndGlobal
