
Microsoft Visual Studio Solution File, Format Version 12.00
# Visual Studio Version 16
VisualStudioVersion = 16.0.30804.86
MinimumVisualStudioVersion = 10.0.40219.1
Project("{FAE04EC0-301F-11D3-BF4B-00C04F79EFBC}") = "TheFinalBattle", "TheFinalBattle.csproj", "{6C8E86EB-43A8-4C0C-9511-F8E489DB52A2}"
EndProject
Global
	GlobalSection(SolutionConfigurationPlatforms) = preSolution
		Debug|Any CPU = Debug|Any CPU
		Release|Any CPU = Release|Any CPU
	EndGlobalSection
	GlobalSection(ProjectConfigurationPlatforms) = postSolution
		{6C8E86EB-43A8-4C0C-9511-F8E489DB52A2}.Debug|Any CPU.ActiveCfg = Debug|Any CPU
		{6C8E86EB-43A8-4C0C-9511-F8E489DB52A2}.Debug|Any CPU.Build.0 = Debug|Any CPU
		{6C8E86EB-43A8-4C0C-9511-F8E489DB52A2}.Release|Any CPU.ActiveCfg = Release|Any CPU
		{6C8E86EB-43A8-4C0C-9511-F8E489DB52A2}.Release|Any CPU.Build.0 = Release|Any CPU
	EndGlobalSection
	GlobalSection(SolutionProperties) = preSolution
		HideSolutionNode = FALSE
	EndGlobalSection
	GlobalSection(ExtensibilityGlobals) = postSolution
		SolutionGuid = {67FEAC52-FBE4-4EE5-860B-2A967B1A76AF}
	EndGlobalSection
EndGlobal
