
Microsoft Visual Studio Solution File, Format Version 12.00
# Visual Studio Version 17
VisualStudioVersion = 17.0.31903.59
MinimumVisualStudioVersion = 10.0.40219.1
Project("{FAE04EC0-301F-11D3-BF4B-00C04F79EFBC}") = "TheDominionOfKings", "TheDominionOfKings.csproj", "{F5BB4F37-E032-4419-AC03-6B8290BF932B}"
EndProject
Global
	GlobalSection(SolutionConfigurationPlatforms) = preSolution
		Debug|Any CPU = Debug|Any CPU
		Release|Any CPU = Release|Any CPU
	EndGlobalSection
	GlobalSection(ProjectConfigurationPlatforms) = postSolution
		{F5BB4F37-E032-4419-AC03-6B8290BF932B}.Debug|Any CPU.ActiveCfg = Debug|Any CPU
		{F5BB4F37-E032-4419-AC03-6B8290BF932B}.Debug|Any CPU.Build.0 = Debug|Any CPU
		{F5BB4F37-E032-4419-AC03-6B8290BF932B}.Release|Any CPU.ActiveCfg = Release|Any CPU
		{F5BB4F37-E032-4419-AC03-6B8290BF932B}.Release|Any CPU.Build.0 = Release|Any CPU
	EndGlobalSection
	GlobalSection(SolutionProperties) = preSolution
		HideSolutionNode = FALSE
	EndGlobalSection
	GlobalSection(ExtensibilityGlobals) = postSolution
		SolutionGuid = {37249555-A6D0-4BC1-A0B8-5B171B367979}
	EndGlobalSection
EndGlobal
