
Microsoft Visual Studio Solution File, Format Version 12.00
# Visual Studio Version 16
VisualStudioVersion = 16.0.30804.86
MinimumVisualStudioVersion = 10.0.40219.1
Project("{FAE04EC0-301F-11D3-BF4B-00C04F79EFBC}") = "Containers", "Containers.csproj", "{9EDA6F16-17D0-4DF2-B1EE-B73BA7884A68}"
EndProject
Global
	GlobalSection(SolutionConfigurationPlatforms) = preSolution
		Debug|Any CPU = Debug|Any CPU
		Release|Any CPU = Release|Any CPU
	EndGlobalSection
	GlobalSection(ProjectConfigurationPlatforms) = postSolution
		{9EDA6F16-17D0-4DF2-B1EE-B73BA7884A68}.Debug|Any CPU.ActiveCfg = Debug|Any CPU
		{9EDA6F16-17D0-4DF2-B1EE-B73BA7884A68}.Debug|Any CPU.Build.0 = Debug|Any CPU
		{9EDA6F16-17D0-4DF2-B1EE-B73BA7884A68}.Release|Any CPU.ActiveCfg = Release|Any CPU
		{9EDA6F16-17D0-4DF2-B1EE-B73BA7884A68}.Release|Any CPU.Build.0 = Release|Any CPU
	EndGlobalSection
	GlobalSection(SolutionProperties) = preSolution
		HideSolutionNode = FALSE
	EndGlobalSection
	GlobalSection(ExtensibilityGlobals) = postSolution
		SolutionGuid = {796BF367-4D18-4404-B7DB-7AF54ABB6B7B}
	EndGlobalSection
EndGlobal
