
Microsoft Visual Studio Solution File, Format Version 12.00
# Visual Studio Version 17
VisualStudioVersion = 17.0.31903.59
MinimumVisualStudioVersion = 10.0.40219.1
Project("{FAE04EC0-301F-11D3-BF4B-00C04F79EFBC}") = "DiscountedInventory", "DiscountedInventory.csproj", "{F91A1773-766E-4543-8952-7BF7E923466F}"
EndProject
Global
	GlobalSection(SolutionConfigurationPlatforms) = preSolution
		Debug|Any CPU = Debug|Any CPU
		Release|Any CPU = Release|Any CPU
	EndGlobalSection
	GlobalSection(ProjectConfigurationPlatforms) = postSolution
		{F91A1773-766E-4543-8952-7BF7E923466F}.Debug|Any CPU.ActiveCfg = Debug|Any CPU
		{F91A1773-766E-4543-8952-7BF7E923466F}.Debug|Any CPU.Build.0 = Debug|Any CPU
		{F91A1773-766E-4543-8952-7BF7E923466F}.Release|Any CPU.ActiveCfg = Release|Any CPU
		{F91A1773-766E-4543-8952-7BF7E923466F}.Release|Any CPU.Build.0 = Release|Any CPU
	EndGlobalSection
	GlobalSection(SolutionProperties) = preSolution
		HideSolutionNode = FALSE
	EndGlobalSection
	GlobalSection(ExtensibilityGlobals) = postSolution
		SolutionGuid = {352268E9-6D81-4E85-8D13-CD6B1144456E}
	EndGlobalSection
EndGlobal
