
Microsoft Visual Studio Solution File, Format Version 12.00
# Visual Studio Version 16
VisualStudioVersion = 16.0.30611.23
MinimumVisualStudioVersion = 10.0.40219.1
Project("{FAE04EC0-301F-11D3-BF4B-00C04F79EFBC}") = "TheFountainOfObjects", "TheFountainOfObjects\TheFountainOfObjects.csproj", "{1904F4F3-F164-4764-9AE4-6FF6F83DD101}"
EndProject
Global
	GlobalSection(SolutionConfigurationPlatforms) = preSolution
		Debug|Any CPU = Debug|Any CPU
		Release|Any CPU = Release|Any CPU
	EndGlobalSection
	GlobalSection(ProjectConfigurationPlatforms) = postSolution
		{1904F4F3-F164-4764-9AE4-6FF6F83DD101}.Debug|Any CPU.ActiveCfg = Debug|Any CPU
		{1904F4F3-F164-4764-9AE4-6FF6F83DD101}.Debug|Any CPU.Build.0 = Debug|Any CPU
		{1904F4F3-F164-4764-9AE4-6FF6F83DD101}.Release|Any CPU.ActiveCfg = Release|Any CPU
		{1904F4F3-F164-4764-9AE4-6FF6F83DD101}.Release|Any CPU.Build.0 = Release|Any CPU
	EndGlobalSection
	GlobalSection(SolutionProperties) = preSolution
		HideSolutionNode = FALSE
	EndGlobalSection
	GlobalSection(ExtensibilityGlobals) = postSolution
		SolutionGuid = {DC109624-4970-4D4D-BC5B-7D4771099EDF}
	EndGlobalSection
EndGlobal
