
Microsoft Visual Studio Solution File, Format Version 12.00
# Visual Studio Version 17
VisualStudioVersion = 17.0.31903.59
MinimumVisualStudioVersion = 10.0.40219.1
Project("{FAE04EC0-301F-11D3-BF4B-00C04F79EFBC}") = "TheVariableShopReturns", "TheVariableShopReturns.csproj", "{D4204022-9656-4636-8A7B-01556B3C19D1}"
EndProject
Global
	GlobalSection(SolutionConfigurationPlatforms) = preSolution
		Debug|Any CPU = Debug|Any CPU
		Release|Any CPU = Release|Any CPU
	EndGlobalSection
	GlobalSection(ProjectConfigurationPlatforms) = postSolution
		{D4204022-9656-4636-8A7B-01556B3C19D1}.Debug|Any CPU.ActiveCfg = Debug|Any CPU
		{D4204022-9656-4636-8A7B-01556B3C19D1}.Debug|Any CPU.Build.0 = Debug|Any CPU
		{D4204022-9656-4636-8A7B-01556B3C19D1}.Release|Any CPU.ActiveCfg = Release|Any CPU
		{D4204022-9656-4636-8A7B-01556B3C19D1}.Release|Any CPU.Build.0 = Release|Any CPU
	EndGlobalSection
	GlobalSection(SolutionProperties) = preSolution
		HideSolutionNode = FALSE
	EndGlobalSection
	GlobalSection(ExtensibilityGlobals) = postSolution
		SolutionGuid = {3DD69A5C-8D3E-4B73-B294-65E2BB2627B8}
	EndGlobalSection
EndGlobal
