
Microsoft Visual Studio Solution File, Format Version 12.00
# Visual Studio Version 17
VisualStudioVersion = 17.0.31903.59
MinimumVisualStudioVersion = 10.0.40219.1
Project("{FAE04EC0-301F-11D3-BF4B-00C04F79EFBC}") = "ListsOfCommands", "ListsOfCommands.csproj", "{FE4CF949-F90C-4F31-9EA6-C3D5B3D9B6CA}"
EndProject
Global
	GlobalSection(SolutionConfigurationPlatforms) = preSolution
		Debug|Any CPU = Debug|Any CPU
		Release|Any CPU = Release|Any CPU
	EndGlobalSection
	GlobalSection(ProjectConfigurationPlatforms) = postSolution
		{FE4CF949-F90C-4F31-9EA6-C3D5B3D9B6CA}.Debug|Any CPU.ActiveCfg = Debug|Any CPU
		{FE4CF949-F90C-4F31-9EA6-C3D5B3D9B6CA}.Debug|Any CPU.Build.0 = Debug|Any CPU
		{FE4CF949-F90C-4F31-9EA6-C3D5B3D9B6CA}.Release|Any CPU.ActiveCfg = Release|Any CPU
		{FE4CF949-F90C-4F31-9EA6-C3D5B3D9B6CA}.Release|Any CPU.Build.0 = Release|Any CPU
	EndGlobalSection
	GlobalSection(SolutionProperties) = preSolution
		HideSolutionNode = FALSE
	EndGlobalSection
	GlobalSection(ExtensibilityGlobals) = postSolution
		SolutionGuid = {F5B59B5C-3D0F-4ABD-843F-7A7F8272D810}
	EndGlobalSection
EndGlobal
