
Microsoft Visual Studio Solution File, Format Version 12.00
# Visual Studio Version 17
VisualStudioVersion = 17.0.31903.59
MinimumVisualStudioVersion = 10.0.40219.1
Project("{FAE04EC0-301F-11D3-BF4B-00C04F79EFBC}") = "ExceptisGame", "ExceptisGame.csproj", "{FCFF1C3E-53AD-4CC8-BAE9-C855FD373C5A}"
EndProject
Global
	GlobalSection(SolutionConfigurationPlatforms) = preSolution
		Debug|Any CPU = Debug|Any CPU
		Release|Any CPU = Release|Any CPU
	EndGlobalSection
	GlobalSection(ProjectConfigurationPlatforms) = postSolution
		{FCFF1C3E-53AD-4CC8-BAE9-C855FD373C5A}.Debug|Any CPU.ActiveCfg = Debug|Any CPU
		{FCFF1C3E-53AD-4CC8-BAE9-C855FD373C5A}.Debug|Any CPU.Build.0 = Debug|Any CPU
		{FCFF1C3E-53AD-4CC8-BAE9-C855FD373C5A}.Release|Any CPU.ActiveCfg = Release|Any CPU
		{FCFF1C3E-53AD-4CC8-BAE9-C855FD373C5A}.Release|Any CPU.Build.0 = Release|Any CPU
	EndGlobalSection
	GlobalSection(SolutionProperties) = preSolution
		HideSolutionNode = FALSE
	EndGlobalSection
	GlobalSection(ExtensibilityGlobals) = postSolution
		SolutionGuid = {69BE67A8-9B50-49FD-800F-DC3707E7AE2D}
	EndGlobalSection
EndGlobal
