
Microsoft Visual Studio Solution File, Format Version 12.00
# Visual Studio Version 17
VisualStudioVersion = 17.0.31903.59
MinimumVisualStudioVersion = 10.0.40219.1
Project("{FAE04EC0-301F-11D3-BF4B-00C04F79EFBC}") = "ThePoint", "ThePoint.csproj", "{2A739E23-68FA-40D3-B623-C15F420FF2E3}"
EndProject
Global
	GlobalSection(SolutionConfigurationPlatforms) = preSolution
		Debug|Any CPU = Debug|Any CPU
		Release|Any CPU = Release|Any CPU
	EndGlobalSection
	GlobalSection(ProjectConfigurationPlatforms) = postSolution
		{2A739E23-68FA-40D3-B623-C15F420FF2E3}.Debug|Any CPU.ActiveCfg = Debug|Any CPU
		{2A739E23-68FA-40D3-B623-C15F420FF2E3}.Debug|Any CPU.Build.0 = Debug|Any CPU
		{2A739E23-68FA-40D3-B623-C15F420FF2E3}.Release|Any CPU.ActiveCfg = Release|Any CPU
		{2A739E23-68FA-40D3-B623-C15F420FF2E3}.Release|Any CPU.Build.0 = Release|Any CPU
	EndGlobalSection
	GlobalSection(SolutionProperties) = preSolution
		HideSolutionNode = FALSE
	EndGlobalSection
	GlobalSection(ExtensibilityGlobals) = postSolution
		SolutionGuid = {F4E7F6CC-7983-440A-9E74-0ACDB454F508}
	EndGlobalSection
EndGlobal
