
Microsoft Visual Studio Solution File, Format Version 12.00
# Visual Studio Version 17
VisualStudioVersion = 17.0.31903.59
MinimumVisualStudioVersion = 10.0.40219.1
Project("{FAE04EC0-301F-11D3-BF4B-00C04F79EFBC}") = "ColoredItems", "ColoredItems.csproj", "{CCC93EE8-DE2B-4932-911E-125E84F78769}"
EndProject
Global
	GlobalSection(SolutionConfigurationPlatforms) = preSolution
		Debug|Any CPU = Debug|Any CPU
		Release|Any CPU = Release|Any CPU
	EndGlobalSection
	GlobalSection(ProjectConfigurationPlatforms) = postSolution
		{CCC93EE8-DE2B-4932-911E-125E84F78769}.Debug|Any CPU.ActiveCfg = Debug|Any CPU
		{CCC93EE8-DE2B-4932-911E-125E84F78769}.Debug|Any CPU.Build.0 = Debug|Any CPU
		{CCC93EE8-DE2B-4932-911E-125E84F78769}.Release|Any CPU.ActiveCfg = Release|Any CPU
		{CCC93EE8-DE2B-4932-911E-125E84F78769}.Release|Any CPU.Build.0 = Release|Any CPU
	EndGlobalSection
	GlobalSection(SolutionProperties) = preSolution
		HideSolutionNode = FALSE
	EndGlobalSection
	GlobalSection(ExtensibilityGlobals) = postSolution
		SolutionGuid = {9CA79D37-C605-4540-A7DC-0F440072D01F}
	EndGlobalSection
EndGlobal
