
Microsoft Visual Studio Solution File, Format Version 12.00
# Visual Studio Version 17
VisualStudioVersion = 17.0.31903.59
MinimumVisualStudioVersion = 10.0.40219.1
Project("{FAE04EC0-301F-11D3-BF4B-00C04F79EFBC}") = "HuntingTheManticore", "HuntingTheManticore.csproj", "{699D6E3B-3778-4867-88ED-B53BF66D80AF}"
EndProject
Global
	GlobalSection(SolutionConfigurationPlatforms) = preSolution
		Debug|Any CPU = Debug|Any CPU
		Release|Any CPU = Release|Any CPU
	EndGlobalSection
	GlobalSection(ProjectConfigurationPlatforms) = postSolution
		{699D6E3B-3778-4867-88ED-B53BF66D80AF}.Debug|Any CPU.ActiveCfg = Debug|Any CPU
		{699D6E3B-3778-4867-88ED-B53BF66D80AF}.Debug|Any CPU.Build.0 = Debug|Any CPU
		{699D6E3B-3778-4867-88ED-B53BF66D80AF}.Release|Any CPU.ActiveCfg = Release|Any CPU
		{699D6E3B-3778-4867-88ED-B53BF66D80AF}.Release|Any CPU.Build.0 = Release|Any CPU
	EndGlobalSection
	GlobalSection(SolutionProperties) = preSolution
		HideSolutionNode = FALSE
	EndGlobalSection
	GlobalSection(ExtensibilityGlobals) = postSolution
		SolutionGuid = {CBDE7846-09F3-4989-839D-2C283AC562A0}
	EndGlobalSection
EndGlobal
