
Microsoft Visual Studio Solution File, Format Version 12.00
# Visual Studio Version 17
VisualStudioVersion = 17.0.31903.59
MinimumVisualStudioVersion = 10.0.40219.1
Project("{FAE04EC0-301F-11D3-BF4B-00C04F79EFBC}") = "ReplicatorOfDTo", "ReplicatorOfDTo.csproj", "{351D0652-523B-4008-843C-ECB44CE04080}"
EndProject
Global
	GlobalSection(SolutionConfigurationPlatforms) = preSolution
		Debug|Any CPU = Debug|Any CPU
		Release|Any CPU = Release|Any CPU
	EndGlobalSection
	GlobalSection(ProjectConfigurationPlatforms) = postSolution
		{351D0652-523B-4008-843C-ECB44CE04080}.Debug|Any CPU.ActiveCfg = Debug|Any CPU
		{351D0652-523B-4008-843C-ECB44CE04080}.Debug|Any CPU.Build.0 = Debug|Any CPU
		{351D0652-523B-4008-843C-ECB44CE04080}.Release|Any CPU.ActiveCfg = Release|Any CPU
		{351D0652-523B-4008-843C-ECB44CE04080}.Release|Any CPU.Build.0 = Release|Any CPU
	EndGlobalSection
	GlobalSection(SolutionProperties) = preSolution
		HideSolutionNode = FALSE
	EndGlobalSection
	GlobalSection(ExtensibilityGlobals) = postSolution
		SolutionGuid = {7D4CD954-AC4C-4364-B4CE-24A84AB714EE}
	EndGlobalSection
EndGlobal
