
Microsoft Visual Studio Solution File, Format Version 12.00
# Visual Studio Version 17
VisualStudioVersion = 17.0.31903.59
MinimumVisualStudioVersion = 10.0.40219.1
Project("{FAE04EC0-301F-11D3-BF4B-00C04F79EFBC}") = "TheMagicCannon", "TheMagicCannon.csproj", "{C0FDCE91-D1BC-45B2-8495-CBADF4255DA3}"
EndProject
Global
	GlobalSection(SolutionConfigurationPlatforms) = preSolution
		Debug|Any CPU = Debug|Any CPU
		Release|Any CPU = Release|Any CPU
	EndGlobalSection
	GlobalSection(ProjectConfigurationPlatforms) = postSolution
		{C0FDCE91-D1BC-45B2-8495-CBADF4255DA3}.Debug|Any CPU.ActiveCfg = Debug|Any CPU
		{C0FDCE91-D1BC-45B2-8495-CBADF4255DA3}.Debug|Any CPU.Build.0 = Debug|Any CPU
		{C0FDCE91-D1BC-45B2-8495-CBADF4255DA3}.Release|Any CPU.ActiveCfg = Release|Any CPU
		{C0FDCE91-D1BC-45B2-8495-CBADF4255DA3}.Release|Any CPU.Build.0 = Release|Any CPU
	EndGlobalSection
	GlobalSection(SolutionProperties) = preSolution
		HideSolutionNode = FALSE
	EndGlobalSection
	GlobalSection(ExtensibilityGlobals) = postSolution
		SolutionGuid = {76D93785-4429-405A-B164-78305FBCA05C}
	EndGlobalSection
EndGlobal
