
Microsoft Visual Studio Solution File, Format Version 12.00
# Visual Studio Version 17
VisualStudioVersion = 17.0.31903.59
MinimumVisualStudioVersion = 10.0.40219.1
Project("{FAE04EC0-301F-11D3-BF4B-00C04F79EFBC}") = "ProjectUpgrader", "ProjectUpgrader.csproj", "{E825614A-C10A-4AB6-8D70-8CF7817EB216}"
EndProject
Global
	GlobalSection(SolutionConfigurationPlatforms) = preSolution
		Debug|Any CPU = Debug|Any CPU
		Release|Any CPU = Release|Any CPU
	EndGlobalSection
	GlobalSection(ProjectConfigurationPlatforms) = postSolution
		{E825614A-C10A-4AB6-8D70-8CF7817EB216}.Debug|Any CPU.ActiveCfg = Debug|Any CPU
		{E825614A-C10A-4AB6-8D70-8CF7817EB216}.Debug|Any CPU.Build.0 = Debug|Any CPU
		{E825614A-C10A-4AB6-8D70-8CF7817EB216}.Release|Any CPU.ActiveCfg = Release|Any CPU
		{E825614A-C10A-4AB6-8D70-8CF7817EB216}.Release|Any CPU.Build.0 = Release|Any CPU
	EndGlobalSection
	GlobalSection(SolutionProperties) = preSolution
		HideSolutionNode = FALSE
	EndGlobalSection
	GlobalSection(ExtensibilityGlobals) = postSolution
		SolutionGuid = {F7C16B19-5EFC-4EC1-933E-AA0052BA7C11}
	EndGlobalSection
EndGlobal
