
Microsoft Visual Studio Solution File, Format Version 12.00
# Visual Studio Version 17
VisualStudioVersion = 17.0.31903.59
MinimumVisualStudioVersion = 10.0.40219.1
Project("{FAE04EC0-301F-11D3-BF4B-00C04F79EFBC}") = "BetterRandom", "BetterRandom.csproj", "{4E8B4900-86B2-4910-9A44-ED2688C25785}"
EndProject
Global
	GlobalSection(SolutionConfigurationPlatforms) = preSolution
		Debug|Any CPU = Debug|Any CPU
		Release|Any CPU = Release|Any CPU
	EndGlobalSection
	GlobalSection(ProjectConfigurationPlatforms) = postSolution
		{4E8B4900-86B2-4910-9A44-ED2688C25785}.Debug|Any CPU.ActiveCfg = Debug|Any CPU
		{4E8B4900-86B2-4910-9A44-ED2688C25785}.Debug|Any CPU.Build.0 = Debug|Any CPU
		{4E8B4900-86B2-4910-9A44-ED2688C25785}.Release|Any CPU.ActiveCfg = Release|Any CPU
		{4E8B4900-86B2-4910-9A44-ED2688C25785}.Release|Any CPU.Build.0 = Release|Any CPU
	EndGlobalSection
	GlobalSection(SolutionProperties) = preSolution
		HideSolutionNode = FALSE
	EndGlobalSection
	GlobalSection(ExtensibilityGlobals) = postSolution
		SolutionGuid = {B7F6AA71-5D81-4EE7-99C1-682CAE220D5F}
	EndGlobalSection
EndGlobal
