
Microsoft Visual Studio Solution File, Format Version 12.00
# Visual Studio Version 17
VisualStudioVersion = 17.0.31903.59
MinimumVisualStudioVersion = 10.0.40219.1
Project("{FAE04EC0-301F-11D3-BF4B-00C04F79EFBC}") = "TakingANumber", "TakingANumber.csproj", "{464F6744-E688-4304-ABB0-B7D24517EFCA}"
EndProject
Global
	GlobalSection(SolutionConfigurationPlatforms) = preSolution
		Debug|Any CPU = Debug|Any CPU
		Release|Any CPU = Release|Any CPU
	EndGlobalSection
	GlobalSection(ProjectConfigurationPlatforms) = postSolution
		{464F6744-E688-4304-ABB0-B7D24517EFCA}.Debug|Any CPU.ActiveCfg = Debug|Any CPU
		{464F6744-E688-4304-ABB0-B7D24517EFCA}.Debug|Any CPU.Build.0 = Debug|Any CPU
		{464F6744-E688-4304-ABB0-B7D24517EFCA}.Release|Any CPU.ActiveCfg = Release|Any CPU
		{464F6744-E688-4304-ABB0-B7D24517EFCA}.Release|Any CPU.Build.0 = Release|Any CPU
	EndGlobalSection
	GlobalSection(SolutionProperties) = preSolution
		HideSolutionNode = FALSE
	EndGlobalSection
	GlobalSection(ExtensibilityGlobals) = postSolution
		SolutionGuid = {0AE261B4-AB11-4B26-811B-3B7D78E347B1}
	EndGlobalSection
EndGlobal
