
Microsoft Visual Studio Solution File, Format Version 12.00
# Visual Studio Version 17
VisualStudioVersion = 17.0.31903.59
MinimumVisualStudioVersion = 10.0.40219.1
Project("{FAE04EC0-301F-11D3-BF4B-00C04F79EFBC}") = "Main", "Main\Main.csproj", "{65827612-9E45-419B-8276-84A4E995480B}"
EndProject
Project("{FAE04EC0-301F-11D3-BF4B-00C04F79EFBC}") = "Helpers", "Helpers\Helpers.csproj", "{884920DB-1FE8-49DC-AEEB-C76BB2FC7849}"
EndProject
Global
	GlobalSection(SolutionConfigurationPlatforms) = preSolution
		Debug|Any CPU = Debug|Any CPU
		Release|Any CPU = Release|Any CPU
	EndGlobalSection
	GlobalSection(ProjectConfigurationPlatforms) = postSolution
		{65827612-9E45-419B-8276-84A4E995480B}.Debug|Any CPU.ActiveCfg = Debug|Any CPU
		{65827612-9E45-419B-8276-84A4E995480B}.Debug|Any CPU.Build.0 = Debug|Any CPU
		{65827612-9E45-419B-8276-84A4E995480B}.Release|Any CPU.ActiveCfg = Release|Any CPU
		{65827612-9E45-419B-8276-84A4E995480B}.Release|Any CPU.Build.0 = Release|Any CPU
		{884920DB-1FE8-49DC-AEEB-C76BB2FC7849}.Debug|Any CPU.ActiveCfg = Debug|Any CPU
		{884920DB-1FE8-49DC-AEEB-C76BB2FC7849}.Debug|Any CPU.Build.0 = Debug|Any CPU
		{884920DB-1FE8-49DC-AEEB-C76BB2FC7849}.Release|Any CPU.ActiveCfg = Release|Any CPU
		{884920DB-1FE8-49DC-AEEB-C76BB2FC7849}.Release|Any CPU.Build.0 = Release|Any CPU
	EndGlobalSection
	GlobalSection(SolutionProperties) = preSolution
		HideSolutionNode = FALSE
	EndGlobalSection
	GlobalSection(ExtensibilityGlobals) = postSolution
		SolutionGuid = {63D6F01F-46B0-4A90-B59A-A1F7186A1254}
	EndGlobalSection
EndGlobal
