
Microsoft Visual Studio Solution File, Format Version 12.00
# Visual Studio Version 17
VisualStudioVersion = 17.0.31903.59
MinimumVisualStudioVersion = 10.0.40219.1
Project("{FAE04EC0-301F-11D3-BF4B-00C04F79EFBC}") = "TheLongGame", "TheLongGame.csproj", "{13109786-628F-47DD-8E35-B2FEF2D1AE6A}"
EndProject
Global
	GlobalSection(SolutionConfigurationPlatforms) = preSolution
		Debug|Any CPU = Debug|Any CPU
		Release|Any CPU = Release|Any CPU
	EndGlobalSection
	GlobalSection(ProjectConfigurationPlatforms) = postSolution
		{13109786-628F-47DD-8E35-B2FEF2D1AE6A}.Debug|Any CPU.ActiveCfg = Debug|Any CPU
		{13109786-628F-47DD-8E35-B2FEF2D1AE6A}.Debug|Any CPU.Build.0 = Debug|Any CPU
		{13109786-628F-47DD-8E35-B2FEF2D1AE6A}.Release|Any CPU.ActiveCfg = Release|Any CPU
		{13109786-628F-47DD-8E35-B2FEF2D1AE6A}.Release|Any CPU.Build.0 = Release|Any CPU
	EndGlobalSection
	GlobalSection(SolutionProperties) = preSolution
		HideSolutionNode = FALSE
	EndGlobalSection
	GlobalSection(ExtensibilityGlobals) = postSolution
		SolutionGuid = {A0A9AC1D-418E-424D-A005-1203FBAB9C19}
	EndGlobalSection
EndGlobal
