
Microsoft Visual Studio Solution File, Format Version 12.00
# Visual Studio Version 17
VisualStudioVersion = 17.12.35707.178 d17.12
MinimumVisualStudioVersion = 10.0.40219.1
Project("{FAE04EC0-301F-11D3-BF4B-00C04F79EFBC}") = "ConstructingArrowsFast", "ConstructingArrowsFast.csproj", "{29AD8B4B-F17E-4809-ADCB-762683A6E92E}"
EndProject
Global
	GlobalSection(SolutionConfigurationPlatforms) = preSolution
		Debug|Any CPU = Debug|Any CPU
		Release|Any CPU = Release|Any CPU
	EndGlobalSection
	GlobalSection(ProjectConfigurationPlatforms) = postSolution
		{29AD8B4B-F17E-4809-ADCB-762683A6E92E}.Debug|Any CPU.ActiveCfg = Debug|Any CPU
		{29AD8B4B-F17E-4809-ADCB-762683A6E92E}.Debug|Any CPU.Build.0 = Debug|Any CPU
		{29AD8B4B-F17E-4809-ADCB-762683A6E92E}.Release|Any CPU.ActiveCfg = Release|Any CPU
		{29AD8B4B-F17E-4809-ADCB-762683A6E92E}.Release|Any CPU.Build.0 = Release|Any CPU
	EndGlobalSection
	GlobalSection(SolutionProperties) = preSolution
		HideSolutionNode = FALSE
	EndGlobalSection
EndGlobal
